
Microsoft Visual Studio Solution File, Format Version 12.00
# Visual Studio Version 16
VisualStudioVersion = 16.0.810.16
MinimumVisualStudioVersion = 10.0.40219.1
Project("{FAE04EC0-301F-11D3-BF4B-00C04F79EFBC}") = "assignment2", "assignment2\assignment2.csproj", "{4F472E7F-2048-40F5-B7FE-38F1D68EC5A8}"
EndProject
Global
	GlobalSection(SolutionConfigurationPlatforms) = preSolution
		Debug|Any CPU = Debug|Any CPU
		Release|Any CPU = Release|Any CPU
	EndGlobalSection
	GlobalSection(ProjectConfigurationPlatforms) = postSolution
		{4F472E7F-2048-40F5-B7FE-38F1D68EC5A8}.Debug|Any CPU.ActiveCfg = Debug|Any CPU
		{4F472E7F-2048-40F5-B7FE-38F1D68EC5A8}.Debug|Any CPU.Build.0 = Debug|Any CPU
		{4F472E7F-2048-40F5-B7FE-38F1D68EC5A8}.Release|Any CPU.ActiveCfg = Release|Any CPU
		{4F472E7F-2048-40F5-B7FE-38F1D68EC5A8}.Release|Any CPU.Build.0 = Release|Any CPU
	EndGlobalSection
	GlobalSection(SolutionProperties) = preSolution
		HideSolutionNode = FALSE
	EndGlobalSection
	GlobalSection(ExtensibilityGlobals) = postSolution
		SolutionGuid = {F0E2437A-52DD-45D2-843F-F4C30AE47B3C}
	EndGlobalSection
EndGlobal
